// !$*UTF8*$!
{
	archiveVersion = 1;
	classes = {
	};
	objectVersion = 46;
	objects = {

/* Begin PBXBuildFile section */
		7F9D407613F4068200F1B718 /* InfoPlist.strings in Resources */ = {isa = PBXBuildFile; fileRef = 7F9D407413F4068200F1B718 /* InfoPlist.strings */; };
		7F9D407813F4068200F1B718 /* MyIPFilter.c in Sources */ = {isa = PBXBuildFile; fileRef = 7F9D407713F4068200F1B718 /* MyIPFilter.c */; };
/* End PBXBuildFile section */

/* Begin PBXFileReference section */
		7F9D406C13F4068200F1B718 /* MyIPFilter.kext */ = {isa = PBXFileReference; explicitFileType = wrapper.cfbundle; includeInIndex = 0; path = MyIPFilter.kext; sourceTree = BUILT_PRODUCTS_DIR; };
		7F9D407013F4068200F1B718 /* Kernel.framework */ = {isa = PBXFileReference; lastKnownFileType = wrapper.framework; name = Kernel.framework; path = System/Library/Frameworks/Kernel.framework; sourceTree = SDKROOT; };
		7F9D407313F4068200F1B718 /* MyIPFilter-Info.plist */ = {isa = PBXFileReference; lastKnownFileType = text.plist.xml; path = "MyIPFilter-Info.plist"; sourceTree = "<group>"; };
		7F9D407513F4068200F1B718 /* en */ = {isa = PBXFileReference; lastKnownFileType = text.plist.strings; name = en; path = en.lproj/InfoPlist.strings; sourceTree = "<group>"; };
		7F9D407713F4068200F1B718 /* MyIPFilter.c */ = {isa = PBXFileReference; lastKnownFileType = sourcecode.c.c; path = MyIPFilter.c; sourceTree = "<group>"; };
		7F9D407913F4068200F1B718 /* MyIPFilter-Prefix.pch */ = {isa = PBXFileReference; lastKnownFileType = sourcecode.c.h; path = "MyIPFilter-Prefix.pch"; sourceTree = "<group>"; };
/* End PBXFileReference section */

/* Begin PBXFrameworksBuildPhase section */
		7F9D406713F4068200F1B718 /* Frameworks */ = {
			isa = PBXFrameworksBuildPhase;
			buildActionMask = 2147483647;
			files = (
			);
			runOnlyForDeploymentPostprocessing = 0;
		};
/* End PBXFrameworksBuildPhase section */

/* Begin PBXGroup section */
		7F9D405F13F4068200F1B718 = {
			isa = PBXGroup;
			children = (
				7F9D407113F4068200F1B718 /* MyIPFilter */,
				7F9D406E13F4068200F1B718 /* Frameworks */,
				7F9D406D13F4068200F1B718 /* Products */,
			);
			sourceTree = "<group>";
		};
		7F9D406D13F4068200F1B718 /* Products */ = {
			isa = PBXGroup;
			children = (
				7F9D406C13F4068200F1B718 /* MyIPFilter.kext */,
			);
			name = Products;
			sourceTree = "<group>";
		};
		7F9D406E13F4068200F1B718 /* Frameworks */ = {
			isa = PBXGroup;
			children = (
				7F9D406F13F4068200F1B718 /* Other Frameworks */,
			);
			name = Frameworks;
			sourceTree = "<group>";
		};
		7F9D406F13F4068200F1B718 /* Other Frameworks */ = {
			isa = PBXGroup;
			children = (
				7F9D407013F4068200F1B718 /* Kernel.framework */,
			);
			name = "Other Frameworks";
			sourceTree = "<group>";
		};
		7F9D407113F4068200F1B718 /* MyIPFilter */ = {
			isa = PBXGroup;
			children = (
				7F9D407713F4068200F1B718 /* MyIPFilter.c */,
				7F9D407213F4068200F1B718 /* Supporting Files */,
			);
			path = MyIPFilter;
			sourceTree = "<group>";
		};
		7F9D407213F4068200F1B718 /* Supporting Files */ = {
			isa = PBXGroup;
			children = (
				7F9D407313F4068200F1B718 /* MyIPFilter-Info.plist */,
				7F9D407413F4068200F1B718 /* InfoPlist.strings */,
				7F9D407913F4068200F1B718 /* MyIPFilter-Prefix.pch */,
			);
			name = "Supporting Files";
			sourceTree = "<group>";
		};
/* End PBXGroup section */

/* Begin PBXHeadersBuildPhase section */
		7F9D406813F4068200F1B718 /* Headers */ = {
			isa = PBXHeadersBuildPhase;
			buildActionMask = 2147483647;
			files = (
			);
			runOnlyForDeploymentPostprocessing = 0;
		};
/* End PBXHeadersBuildPhase section */

/* Begin PBXNativeTarget section */
		7F9D406B13F4068200F1B718 /* MyIPFilter */ = {
			isa = PBXNativeTarget;
			buildConfigurationList = 7F9D407C13F4068200F1B718 /* Build configuration list for PBXNativeTarget "MyIPFilter" */;
			buildPhases = (
				7F9D406613F4068200F1B718 /* Sources */,
				7F9D406713F4068200F1B718 /* Frameworks */,
				7F9D406813F4068200F1B718 /* Headers */,
				7F9D406913F4068200F1B718 /* Resources */,
				7F9D406A13F4068200F1B718 /* Rez */,
			);
			buildRules = (
			);
			dependencies = (
			);
			name = MyIPFilter;
			productName = MyIPFilter;
			productReference = 7F9D406C13F4068200F1B718 /* MyIPFilter.kext */;
			productType = "com.apple.product-type.kernel-extension";
		};
/* End PBXNativeTarget section */

/* Begin PBXProject section */
		7F9D406113F4068200F1B718 /* Project object */ = {
			isa = PBXProject;
			attributes = {
				ORGANIZATIONNAME = "Xymos Software";
			};
			buildConfigurationList = 7F9D406413F4068200F1B718 /* Build configuration list for PBXProject "MyIPFilter" */;
			compatibilityVersion = "Xcode 3.2";
			developmentRegion = English;
			hasScannedForEncodings = 0;
			knownRegions = (
				en,
			);
			mainGroup = 7F9D405F13F4068200F1B718;
			productRefGroup = 7F9D406D13F4068200F1B718 /* Products */;
			projectDirPath = "";
			projectRoot = "";
			targets = (
				7F9D406B13F4068200F1B718 /* MyIPFilter */,
			);
		};
/* End PBXProject section */

/* Begin PBXResourcesBuildPhase section */
		7F9D406913F4068200F1B718 /* Resources */ = {
			isa = PBXResourcesBuildPhase;
			buildActionMask = 2147483647;
			files = (
				7F9D407613F4068200F1B718 /* InfoPlist.strings in Resources */,
			);
			runOnlyForDeploymentPostprocessing = 0;
		};
/* End PBXResourcesBuildPhase section */

/* Begin PBXRezBuildPhase section */
		7F9D406A13F4068200F1B718 /* Rez */ = {
			isa = PBXRezBuildPhase;
			buildActionMask = 2147483647;
			files = (
			);
			runOnlyForDeploymentPostprocessing = 0;
		};
/* End PBXRezBuildPhase section */

/* Begin PBXSourcesBuildPhase section */
		7F9D406613F4068200F1B718 /* Sources */ = {
			isa = PBXSourcesBuildPhase;
			buildActionMask = 2147483647;
			files = (
				7F9D407813F4068200F1B718 /* MyIPFilter.c in Sources */,
			);
			runOnlyForDeploymentPostprocessing = 0;
		};
/* End PBXSourcesBuildPhase section */

/* Begin PBXVariantGroup section */
		7F9D407413F4068200F1B718 /* InfoPlist.strings */ = {
			isa = PBXVariantGroup;
			children = (
				7F9D407513F4068200F1B718 /* en */,
			);
			name = InfoPlist.strings;
			sourceTree = "<group>";
		};
/* End PBXVariantGroup section */

/* Begin XCBuildConfiguration section */
		7F9D407A13F4068200F1B718 /* Debug */ = {
			isa = XCBuildConfiguration;
			buildSettings = {
				ALWAYS_SEARCH_USER_PATHS = NO;
				ARCHS = "$(ARCHS_STANDARD_64_BIT)";
				COPY_PHASE_STRIP = NO;
				GCC_C_LANGUAGE_STANDARD = gnu99;
				GCC_DYNAMIC_NO_PIC = NO;
				GCC_ENABLE_OBJC_EXCEPTIONS = YES;
				GCC_OPTIMIZATION_LEVEL = 0;
				GCC_PREPROCESSOR_DEFINITIONS = (
					"DEBUG=1",
					"$(inherited)",
				);
				GCC_SYMBOLS_PRIVATE_EXTERN = NO;
				GCC_VERSION = com.apple.compilers.llvm.clang.1_0;
				GCC_WARN_64_TO_32_BIT_CONVERSION = YES;
				GCC_WARN_ABOUT_MISSING_PROTOTYPES = YES;
				GCC_WARN_ABOUT_RETURN_TYPE = YES;
				GCC_WARN_UNUSED_VARIABLE = YES;
				MACOSX_DEPLOYMENT_TARGET = 10.7;
				ONLY_ACTIVE_ARCH = YES;
				SDKROOT = macosx;
			};
			name = Debug;
		};
		7F9D407B13F4068200F1B718 /* Release */ = {
			isa = XCBuildConfiguration;
			buildSettings = {
				ALWAYS_SEARCH_USER_PATHS = NO;
				ARCHS = "$(ARCHS_STANDARD_64_BIT)";
				COPY_PHASE_STRIP = YES;
				DEBUG_INFORMATION_FORMAT = "dwarf-with-dsym";
				GCC_C_LANGUAGE_STANDARD = gnu99;
				GCC_ENABLE_OBJC_EXCEPTIONS = YES;
				GCC_VERSION = com.apple.compilers.llvm.clang.1_0;
				GCC_WARN_64_TO_32_BIT_CONVERSION = YES;
				GCC_WARN_ABOUT_MISSING_PROTOTYPES = YES;
				GCC_WARN_ABOUT_RETURN_TYPE = YES;
				GCC_WARN_UNUSED_VARIABLE = YES;
				MACOSX_DEPLOYMENT_TARGET = 10.7;
				SDKROOT = macosx;
			};
			name = Release;
		};
		7F9D407D13F4068200F1B718 /* Debug */ = {
			isa = XCBuildConfiguration;
			buildSettings = {
				ARCHS = "$(ARCHS_STANDARD_32_64_BIT)";
				GCC_PRECOMPILE_PREFIX_HEADER = YES;
				GCC_PREFIX_HEADER = "MyIPFilter/MyIPFilter-Prefix.pch";
				GCC_VERSION = com.apple.compilers.llvmgcc42;
				INFOPLIST_FILE = "MyIPFilter/MyIPFilter-Info.plist";
				INSTALL_PATH = "$(SYSTEM_LIBRARY_DIR)/Extensions";
				MODULE_NAME = com.osxkernel.MyIPFilter;
				MODULE_START = MyIPFilter_start;
				MODULE_STOP = MyIPFilter_stop;
				MODULE_VERSION = 1.0.0d1;
				ONLY_ACTIVE_ARCH = NO;
				PRODUCT_NAME = "$(TARGET_NAME)";
				WRAPPER_EXTENSION = kext;
			};
			name = Debug;
		};
		7F9D407E13F4068200F1B718 /* Release */ = {
			isa = XCBuildConfiguration;
			buildSettings = {
				ARCHS = "$(ARCHS_STANDARD_32_64_BIT)";
				GCC_PRECOMPILE_PREFIX_HEADER = YES;
				GCC_PREFIX_HEADER = "MyIPFilter/MyIPFilter-Prefix.pch";
				GCC_VERSION = com.apple.compilers.llvmgcc42;
				INFOPLIST_FILE = "MyIPFilter/MyIPFilter-Info.plist";
				INSTALL_PATH = "$(SYSTEM_LIBRARY_DIR)/Extensions";
				MODULE_NAME = com.osxkernel.MyIPFilter;
				MODULE_START = MyIPFilter_start;
				MODULE_STOP = MyIPFilter_stop;
				MODULE_VERSION = 1.0.0d1;
				PRODUCT_NAME = "$(TARGET_NAME)";
				WRAPPER_EXTENSION = kext;
			};
			name = Release;
		};
/* End XCBuildConfiguration section */

/* Begin XCConfigurationList section */
		7F9D406413F4068200F1B718 /* Build configuration list for PBXProject "MyIPFilter" */ = {
			isa = XCConfigurationList;
			buildConfigurations = (
				7F9D407A13F4068200F1B718 /* Debug */,
				7F9D407B13F4068200F1B718 /* Release */,
			);
			defaultConfigurationIsVisible = 0;
			defaultConfigurationName = Release;
		};
		7F9D407C13F4068200F1B718 /* Build configuration list for PBXNativeTarget "MyIPFilter" */ = {
			isa = XCConfigurationList;
			buildConfigurations = (
				7F9D407D13F4068200F1B718 /* Debug */,
				7F9D407E13F4068200F1B718 /* Release */,
			);
			defaultConfigurationIsVisible = 0;
			defaultConfigurationName = Release;
		};
/* End XCConfigurationList section */
	};
	rootObject = 7F9D406113F4068200F1B718 /* Project object */;
}
