// !$*UTF8*$!
{
	archiveVersion = 1;
	classes = {
	};
	objectVersion = 46;
	objects = {

/* Begin PBXBuildFile section */
		B160D51F1456DB1200677EE8 /* CoreFoundation.framework in Frameworks */ = {isa = PBXBuildFile; fileRef = B160D51E1456DB1200677EE8 /* CoreFoundation.framework */; };
		B160D5221456DB1300677EE8 /* main.c in Sources */ = {isa = PBXBuildFile; fileRef = B160D5211456DB1300677EE8 /* main.c */; };
		B160D52B1456DEE200677EE8 /* IOKit.framework in Frameworks */ = {isa = PBXBuildFile; fileRef = B160D52A1456DEE200677EE8 /* IOKit.framework */; };
/* End PBXBuildFile section */

/* Begin PBXCopyFilesBuildPhase section */
		B160D5181456DB1200677EE8 /* CopyFiles */ = {
			isa = PBXCopyFilesBuildPhase;
			buildActionMask = 2147483647;
			dstPath = /usr/share/man/man1/;
			dstSubfolderSpec = 0;
			files = (
			);
			runOnlyForDeploymentPostprocessing = 1;
		};
/* End PBXCopyFilesBuildPhase section */

/* Begin PBXFileReference section */
		B160D51A1456DB1200677EE8 /* UserSpaceUSB */ = {isa = PBXFileReference; explicitFileType = "compiled.mach-o.executable"; includeInIndex = 0; path = UserSpaceUSB; sourceTree = BUILT_PRODUCTS_DIR; };
		B160D51E1456DB1200677EE8 /* CoreFoundation.framework */ = {isa = PBXFileReference; lastKnownFileType = wrapper.framework; name = CoreFoundation.framework; path = System/Library/Frameworks/CoreFoundation.framework; sourceTree = SDKROOT; };
		B160D5211456DB1300677EE8 /* main.c */ = {isa = PBXFileReference; lastKnownFileType = sourcecode.c.c; path = main.c; sourceTree = "<group>"; };
		B160D52A1456DEE200677EE8 /* IOKit.framework */ = {isa = PBXFileReference; lastKnownFileType = wrapper.framework; name = IOKit.framework; path = System/Library/Frameworks/IOKit.framework; sourceTree = SDKROOT; };
/* End PBXFileReference section */

/* Begin PBXFrameworksBuildPhase section */
		B160D5171456DB1200677EE8 /* Frameworks */ = {
			isa = PBXFrameworksBuildPhase;
			buildActionMask = 2147483647;
			files = (
				B160D52B1456DEE200677EE8 /* IOKit.framework in Frameworks */,
				B160D51F1456DB1200677EE8 /* CoreFoundation.framework in Frameworks */,
			);
			runOnlyForDeploymentPostprocessing = 0;
		};
/* End PBXFrameworksBuildPhase section */

/* Begin PBXGroup section */
		B160D50F1456DB1200677EE8 = {
			isa = PBXGroup;
			children = (
				B160D5201456DB1200677EE8 /* UserSpaceUSB */,
				B160D51D1456DB1200677EE8 /* Frameworks */,
				B160D51B1456DB1200677EE8 /* Products */,
			);
			sourceTree = "<group>";
		};
		B160D51B1456DB1200677EE8 /* Products */ = {
			isa = PBXGroup;
			children = (
				B160D51A1456DB1200677EE8 /* UserSpaceUSB */,
			);
			name = Products;
			sourceTree = "<group>";
		};
		B160D51D1456DB1200677EE8 /* Frameworks */ = {
			isa = PBXGroup;
			children = (
				B160D52A1456DEE200677EE8 /* IOKit.framework */,
				B160D51E1456DB1200677EE8 /* CoreFoundation.framework */,
			);
			name = Frameworks;
			sourceTree = "<group>";
		};
		B160D5201456DB1200677EE8 /* UserSpaceUSB */ = {
			isa = PBXGroup;
			children = (
				B160D5211456DB1300677EE8 /* main.c */,
			);
			path = UserSpaceUSB;
			sourceTree = "<group>";
		};
/* End PBXGroup section */

/* Begin PBXNativeTarget section */
		B160D5191456DB1200677EE8 /* UserSpaceUSB */ = {
			isa = PBXNativeTarget;
			buildConfigurationList = B160D5271456DB1300677EE8 /* Build configuration list for PBXNativeTarget "UserSpaceUSB" */;
			buildPhases = (
				B160D5161456DB1200677EE8 /* Sources */,
				B160D5171456DB1200677EE8 /* Frameworks */,
				B160D5181456DB1200677EE8 /* CopyFiles */,
			);
			buildRules = (
			);
			dependencies = (
			);
			name = UserSpaceUSB;
			productName = UserSpaceUSB;
			productReference = B160D51A1456DB1200677EE8 /* UserSpaceUSB */;
			productType = "com.apple.product-type.tool";
		};
/* End PBXNativeTarget section */

/* Begin PBXProject section */
		B160D5111456DB1200677EE8 /* Project object */ = {
			isa = PBXProject;
			buildConfigurationList = B160D5141456DB1200677EE8 /* Build configuration list for PBXProject "UserSpaceUSB" */;
			compatibilityVersion = "Xcode 3.2";
			developmentRegion = English;
			hasScannedForEncodings = 0;
			knownRegions = (
				en,
			);
			mainGroup = B160D50F1456DB1200677EE8;
			productRefGroup = B160D51B1456DB1200677EE8 /* Products */;
			projectDirPath = "";
			projectRoot = "";
			targets = (
				B160D5191456DB1200677EE8 /* UserSpaceUSB */,
			);
		};
/* End PBXProject section */

/* Begin PBXSourcesBuildPhase section */
		B160D5161456DB1200677EE8 /* Sources */ = {
			isa = PBXSourcesBuildPhase;
			buildActionMask = 2147483647;
			files = (
				B160D5221456DB1300677EE8 /* main.c in Sources */,
			);
			runOnlyForDeploymentPostprocessing = 0;
		};
/* End PBXSourcesBuildPhase section */

/* Begin XCBuildConfiguration section */
		B160D5251456DB1300677EE8 /* Debug */ = {
			isa = XCBuildConfiguration;
			buildSettings = {
				ALWAYS_SEARCH_USER_PATHS = NO;
				ARCHS = "$(ARCHS_STANDARD_64_BIT)";
				COPY_PHASE_STRIP = NO;
				GCC_C_LANGUAGE_STANDARD = gnu99;
				GCC_DYNAMIC_NO_PIC = NO;
				GCC_ENABLE_OBJC_EXCEPTIONS = YES;
				GCC_OPTIMIZATION_LEVEL = 0;
				GCC_PREPROCESSOR_DEFINITIONS = (
					"DEBUG=1",
					"$(inherited)",
				);
				GCC_SYMBOLS_PRIVATE_EXTERN = NO;
				GCC_VERSION = com.apple.compilers.llvm.clang.1_0;
				GCC_WARN_64_TO_32_BIT_CONVERSION = YES;
				GCC_WARN_ABOUT_MISSING_PROTOTYPES = YES;
				GCC_WARN_ABOUT_RETURN_TYPE = YES;
				GCC_WARN_UNUSED_VARIABLE = YES;
				MACOSX_DEPLOYMENT_TARGET = 10.7;
				ONLY_ACTIVE_ARCH = YES;
				SDKROOT = macosx;
			};
			name = Debug;
		};
		B160D5261456DB1300677EE8 /* Release */ = {
			isa = XCBuildConfiguration;
			buildSettings = {
				ALWAYS_SEARCH_USER_PATHS = NO;
				ARCHS = "$(ARCHS_STANDARD_64_BIT)";
				COPY_PHASE_STRIP = YES;
				DEBUG_INFORMATION_FORMAT = "dwarf-with-dsym";
				GCC_C_LANGUAGE_STANDARD = gnu99;
				GCC_ENABLE_OBJC_EXCEPTIONS = YES;
				GCC_VERSION = com.apple.compilers.llvm.clang.1_0;
				GCC_WARN_64_TO_32_BIT_CONVERSION = YES;
				GCC_WARN_ABOUT_MISSING_PROTOTYPES = YES;
				GCC_WARN_ABOUT_RETURN_TYPE = YES;
				GCC_WARN_UNUSED_VARIABLE = YES;
				MACOSX_DEPLOYMENT_TARGET = 10.7;
				SDKROOT = macosx;
			};
			name = Release;
		};
		B160D5281456DB1300677EE8 /* Debug */ = {
			isa = XCBuildConfiguration;
			buildSettings = {
				PRODUCT_NAME = "$(TARGET_NAME)";
			};
			name = Debug;
		};
		B160D5291456DB1300677EE8 /* Release */ = {
			isa = XCBuildConfiguration;
			buildSettings = {
				PRODUCT_NAME = "$(TARGET_NAME)";
			};
			name = Release;
		};
/* End XCBuildConfiguration section */

/* Begin XCConfigurationList section */
		B160D5141456DB1200677EE8 /* Build configuration list for PBXProject "UserSpaceUSB" */ = {
			isa = XCConfigurationList;
			buildConfigurations = (
				B160D5251456DB1300677EE8 /* Debug */,
				B160D5261456DB1300677EE8 /* Release */,
			);
			defaultConfigurationIsVisible = 0;
			defaultConfigurationName = Release;
		};
		B160D5271456DB1300677EE8 /* Build configuration list for PBXNativeTarget "UserSpaceUSB" */ = {
			isa = XCConfigurationList;
			buildConfigurations = (
				B160D5281456DB1300677EE8 /* Debug */,
				B160D5291456DB1300677EE8 /* Release */,
			);
			defaultConfigurationIsVisible = 0;
			defaultConfigurationName = Release;
		};
/* End XCConfigurationList section */
	};
	rootObject = B160D5111456DB1200677EE8 /* Project object */;
}
