// !$*UTF8*$!
{
	archiveVersion = 1;
	classes = {
	};
	objectVersion = 46;
	objects = {

/* Begin PBXBuildFile section */
		7F4D934413B727B50039ED36 /* InfoPlist.strings in Resources */ = {isa = PBXBuildFile; fileRef = 7F4D934213B727B50039ED36 /* InfoPlist.strings */; };
		7F4D934713B727B50039ED36 /* MyFirstPCIDriver.h in Headers */ = {isa = PBXBuildFile; fileRef = 7F4D934613B727B50039ED36 /* MyFirstPCIDriver.h */; };
		7F4D934913B727B50039ED36 /* MyFirstPCIDriver.cpp in Sources */ = {isa = PBXBuildFile; fileRef = 7F4D934813B727B50039ED36 /* MyFirstPCIDriver.cpp */; };
/* End PBXBuildFile section */

/* Begin PBXFileReference section */
		7F4D933A13B727B50039ED36 /* MyFirstPCIDriver.kext */ = {isa = PBXFileReference; explicitFileType = wrapper.cfbundle; includeInIndex = 0; path = MyFirstPCIDriver.kext; sourceTree = BUILT_PRODUCTS_DIR; };
		7F4D933E13B727B50039ED36 /* Kernel.framework */ = {isa = PBXFileReference; lastKnownFileType = wrapper.framework; name = Kernel.framework; path = System/Library/Frameworks/Kernel.framework; sourceTree = SDKROOT; };
		7F4D934113B727B50039ED36 /* MyFirstPCIDriver-Info.plist */ = {isa = PBXFileReference; lastKnownFileType = text.plist.xml; path = "MyFirstPCIDriver-Info.plist"; sourceTree = "<group>"; };
		7F4D934313B727B50039ED36 /* en */ = {isa = PBXFileReference; lastKnownFileType = text.plist.strings; name = en; path = en.lproj/InfoPlist.strings; sourceTree = "<group>"; };
		7F4D934513B727B50039ED36 /* MyFirstPCIDriver-Prefix.pch */ = {isa = PBXFileReference; lastKnownFileType = sourcecode.c.h; path = "MyFirstPCIDriver-Prefix.pch"; sourceTree = "<group>"; };
		7F4D934613B727B50039ED36 /* MyFirstPCIDriver.h */ = {isa = PBXFileReference; lastKnownFileType = sourcecode.c.h; path = MyFirstPCIDriver.h; sourceTree = "<group>"; };
		7F4D934813B727B50039ED36 /* MyFirstPCIDriver.cpp */ = {isa = PBXFileReference; lastKnownFileType = sourcecode.cpp.cpp; path = MyFirstPCIDriver.cpp; sourceTree = "<group>"; };
/* End PBXFileReference section */

/* Begin PBXFrameworksBuildPhase section */
		7F4D933513B727B50039ED36 /* Frameworks */ = {
			isa = PBXFrameworksBuildPhase;
			buildActionMask = 2147483647;
			files = (
			);
			runOnlyForDeploymentPostprocessing = 0;
		};
/* End PBXFrameworksBuildPhase section */

/* Begin PBXGroup section */
		7F4D932D13B727B50039ED36 = {
			isa = PBXGroup;
			children = (
				7F4D933F13B727B50039ED36 /* MyFirstPCIDriver */,
				7F4D933C13B727B50039ED36 /* Frameworks */,
				7F4D933B13B727B50039ED36 /* Products */,
			);
			sourceTree = "<group>";
		};
		7F4D933B13B727B50039ED36 /* Products */ = {
			isa = PBXGroup;
			children = (
				7F4D933A13B727B50039ED36 /* MyFirstPCIDriver.kext */,
			);
			name = Products;
			sourceTree = "<group>";
		};
		7F4D933C13B727B50039ED36 /* Frameworks */ = {
			isa = PBXGroup;
			children = (
				7F4D933D13B727B50039ED36 /* Other Frameworks */,
			);
			name = Frameworks;
			sourceTree = "<group>";
		};
		7F4D933D13B727B50039ED36 /* Other Frameworks */ = {
			isa = PBXGroup;
			children = (
				7F4D933E13B727B50039ED36 /* Kernel.framework */,
			);
			name = "Other Frameworks";
			sourceTree = "<group>";
		};
		7F4D933F13B727B50039ED36 /* MyFirstPCIDriver */ = {
			isa = PBXGroup;
			children = (
				7F4D934613B727B50039ED36 /* MyFirstPCIDriver.h */,
				7F4D934813B727B50039ED36 /* MyFirstPCIDriver.cpp */,
				7F4D934013B727B50039ED36 /* Supporting Files */,
			);
			path = MyFirstPCIDriver;
			sourceTree = "<group>";
		};
		7F4D934013B727B50039ED36 /* Supporting Files */ = {
			isa = PBXGroup;
			children = (
				7F4D934113B727B50039ED36 /* MyFirstPCIDriver-Info.plist */,
				7F4D934213B727B50039ED36 /* InfoPlist.strings */,
				7F4D934513B727B50039ED36 /* MyFirstPCIDriver-Prefix.pch */,
			);
			name = "Supporting Files";
			sourceTree = "<group>";
		};
/* End PBXGroup section */

/* Begin PBXHeadersBuildPhase section */
		7F4D933613B727B50039ED36 /* Headers */ = {
			isa = PBXHeadersBuildPhase;
			buildActionMask = 2147483647;
			files = (
				7F4D934713B727B50039ED36 /* MyFirstPCIDriver.h in Headers */,
			);
			runOnlyForDeploymentPostprocessing = 0;
		};
/* End PBXHeadersBuildPhase section */

/* Begin PBXNativeTarget section */
		7F4D933913B727B50039ED36 /* MyFirstPCIDriver */ = {
			isa = PBXNativeTarget;
			buildConfigurationList = 7F4D934C13B727B50039ED36 /* Build configuration list for PBXNativeTarget "MyFirstPCIDriver" */;
			buildPhases = (
				7F4D933413B727B50039ED36 /* Sources */,
				7F4D933513B727B50039ED36 /* Frameworks */,
				7F4D933613B727B50039ED36 /* Headers */,
				7F4D933713B727B50039ED36 /* Resources */,
				7F4D933813B727B50039ED36 /* Rez */,
			);
			buildRules = (
			);
			dependencies = (
			);
			name = MyFirstPCIDriver;
			productName = MyFirstPCIDriver;
			productReference = 7F4D933A13B727B50039ED36 /* MyFirstPCIDriver.kext */;
			productType = "com.apple.product-type.kernel-extension";
		};
/* End PBXNativeTarget section */

/* Begin PBXProject section */
		7F4D932F13B727B50039ED36 /* Project object */ = {
			isa = PBXProject;
			attributes = {
				ORGANIZATIONNAME = "Xymos Software";
			};
			buildConfigurationList = 7F4D933213B727B50039ED36 /* Build configuration list for PBXProject "MyFirstPCIDriver" */;
			compatibilityVersion = "Xcode 3.2";
			developmentRegion = English;
			hasScannedForEncodings = 0;
			knownRegions = (
				en,
			);
			mainGroup = 7F4D932D13B727B50039ED36;
			productRefGroup = 7F4D933B13B727B50039ED36 /* Products */;
			projectDirPath = "";
			projectRoot = "";
			targets = (
				7F4D933913B727B50039ED36 /* MyFirstPCIDriver */,
			);
		};
/* End PBXProject section */

/* Begin PBXResourcesBuildPhase section */
		7F4D933713B727B50039ED36 /* Resources */ = {
			isa = PBXResourcesBuildPhase;
			buildActionMask = 2147483647;
			files = (
				7F4D934413B727B50039ED36 /* InfoPlist.strings in Resources */,
			);
			runOnlyForDeploymentPostprocessing = 0;
		};
/* End PBXResourcesBuildPhase section */

/* Begin PBXRezBuildPhase section */
		7F4D933813B727B50039ED36 /* Rez */ = {
			isa = PBXRezBuildPhase;
			buildActionMask = 2147483647;
			files = (
			);
			runOnlyForDeploymentPostprocessing = 0;
		};
/* End PBXRezBuildPhase section */

/* Begin PBXSourcesBuildPhase section */
		7F4D933413B727B50039ED36 /* Sources */ = {
			isa = PBXSourcesBuildPhase;
			buildActionMask = 2147483647;
			files = (
				7F4D934913B727B50039ED36 /* MyFirstPCIDriver.cpp in Sources */,
			);
			runOnlyForDeploymentPostprocessing = 0;
		};
/* End PBXSourcesBuildPhase section */

/* Begin PBXVariantGroup section */
		7F4D934213B727B50039ED36 /* InfoPlist.strings */ = {
			isa = PBXVariantGroup;
			children = (
				7F4D934313B727B50039ED36 /* en */,
			);
			name = InfoPlist.strings;
			sourceTree = "<group>";
		};
/* End PBXVariantGroup section */

/* Begin XCBuildConfiguration section */
		7F4D934A13B727B50039ED36 /* Debug */ = {
			isa = XCBuildConfiguration;
			buildSettings = {
				ARCHS = "$(ARCHS_STANDARD_32_64_BIT)";
				GCC_C_LANGUAGE_STANDARD = gnu99;
				GCC_OPTIMIZATION_LEVEL = 0;
				GCC_PREPROCESSOR_DEFINITIONS = DEBUG;
				GCC_SYMBOLS_PRIVATE_EXTERN = NO;
				GCC_VERSION = com.apple.compilers.llvm.clang.1_0;
				GCC_WARN_64_TO_32_BIT_CONVERSION = YES;
				GCC_WARN_ABOUT_RETURN_TYPE = YES;
				GCC_WARN_UNUSED_VARIABLE = YES;
				MACOSX_DEPLOYMENT_TARGET = 10.6;
				ONLY_ACTIVE_ARCH = YES;
				SDKROOT = macosx;
			};
			name = Debug;
		};
		7F4D934B13B727B50039ED36 /* Release */ = {
			isa = XCBuildConfiguration;
			buildSettings = {
				ARCHS = "$(ARCHS_STANDARD_32_64_BIT)";
				GCC_C_LANGUAGE_STANDARD = gnu99;
				GCC_VERSION = com.apple.compilers.llvm.clang.1_0;
				GCC_WARN_64_TO_32_BIT_CONVERSION = YES;
				GCC_WARN_ABOUT_RETURN_TYPE = YES;
				GCC_WARN_UNUSED_VARIABLE = YES;
				MACOSX_DEPLOYMENT_TARGET = 10.6;
				SDKROOT = macosx;
			};
			name = Release;
		};
		7F4D934D13B727B50039ED36 /* Debug */ = {
			isa = XCBuildConfiguration;
			buildSettings = {
				ALWAYS_SEARCH_USER_PATHS = NO;
				COPY_PHASE_STRIP = NO;
				CURRENT_PROJECT_VERSION = 1.0.0d1;
				GCC_DYNAMIC_NO_PIC = NO;
				GCC_ENABLE_OBJC_EXCEPTIONS = YES;
				GCC_PRECOMPILE_PREFIX_HEADER = YES;
				GCC_PREFIX_HEADER = "MyFirstPCIDriver/MyFirstPCIDriver-Prefix.pch";
				GCC_VERSION = "";
				INFOPLIST_FILE = "MyFirstPCIDriver/MyFirstPCIDriver-Info.plist";
				MODULE_NAME = com.osxkernel.MyFirstPCIDriver;
				MODULE_VERSION = 1.0.0d1;
				PRODUCT_NAME = "$(TARGET_NAME)";
				WRAPPER_EXTENSION = kext;
			};
			name = Debug;
		};
		7F4D934E13B727B50039ED36 /* Release */ = {
			isa = XCBuildConfiguration;
			buildSettings = {
				ALWAYS_SEARCH_USER_PATHS = NO;
				COPY_PHASE_STRIP = YES;
				CURRENT_PROJECT_VERSION = 1.0.0d1;
				DEBUG_INFORMATION_FORMAT = "dwarf-with-dsym";
				GCC_ENABLE_OBJC_EXCEPTIONS = YES;
				GCC_PRECOMPILE_PREFIX_HEADER = YES;
				GCC_PREFIX_HEADER = "MyFirstPCIDriver/MyFirstPCIDriver-Prefix.pch";
				GCC_VERSION = "";
				INFOPLIST_FILE = "MyFirstPCIDriver/MyFirstPCIDriver-Info.plist";
				MODULE_NAME = com.osxkernel.MyFirstPCIDriver;
				MODULE_VERSION = 1.0.0d1;
				PRODUCT_NAME = "$(TARGET_NAME)";
				WRAPPER_EXTENSION = kext;
			};
			name = Release;
		};
/* End XCBuildConfiguration section */

/* Begin XCConfigurationList section */
		7F4D933213B727B50039ED36 /* Build configuration list for PBXProject "MyFirstPCIDriver" */ = {
			isa = XCConfigurationList;
			buildConfigurations = (
				7F4D934A13B727B50039ED36 /* Debug */,
				7F4D934B13B727B50039ED36 /* Release */,
			);
			defaultConfigurationIsVisible = 0;
			defaultConfigurationName = Release;
		};
		7F4D934C13B727B50039ED36 /* Build configuration list for PBXNativeTarget "MyFirstPCIDriver" */ = {
			isa = XCConfigurationList;
			buildConfigurations = (
				7F4D934D13B727B50039ED36 /* Debug */,
				7F4D934E13B727B50039ED36 /* Release */,
			);
			defaultConfigurationIsVisible = 0;
			defaultConfigurationName = Release;
		};
/* End XCConfigurationList section */
	};
	rootObject = 7F4D932F13B727B50039ED36 /* Project object */;
}
